Microsoft Visual Studio Solution File, Format Version 12.00
# Visual Studio Version 17
VisualStudioVersion = 17.0.31912.275
MinimumVisualStudioVersion = 10.0.40219.1
Project("{FAE04EC0-301F-11D3-BF4B-00C04F79EFBC}") = "EmployeePairAnalyzer.Api", "EmployeePairAnalyzer.Api\EmployeePairAnalyzer.Api.csproj", "{8B8C7F86-4F73-4A7C-9E5D-2E1D6D3E0B30}"
EndProject
Project("{FAE04EC0-301F-11D3-BF4B-00C04F79EFBC}") = "EmployeePairAnalyzer.Tests", "EmployeePairAnalyzer.Tests\EmployeePairAnalyzer.Tests.csproj", "{50E8180E-E48F-409C-94E7-C46C17FE25D9}"
EndProject
Global
	GlobalSection(SolutionConfigurationPlatforms) = preSolution
		Debug|Any CPU = Debug|Any CPU
		Release|Any CPU = Release|Any CPU
	EndGlobalSection
	GlobalSection(ProjectConfigurationPlatforms) = postSolution
		{8B8C7F86-4F73-4A7C-9E5D-2E1D6D3E0B30}.Debug|Any CPU.ActiveCfg = Debug|Any CPU
		{8B8C7F86-4F73-4A7C-9E5D-2E1D6D3E0B30}.Debug|Any CPU.Build.0 = Debug|Any CPU
		{8B8C7F86-4F73-4A7C-9E5D-2E1D6D3E0B30}.Release|Any CPU.ActiveCfg = Release|Any CPU
		{8B8C7F86-4F73-4A7C-9E5D-2E1D6D3E0B30}.Release|Any CPU.Build.0 = Release|Any CPU
		{50E8180E-E48F-409C-94E7-C46C17FE25D9}.Debug|Any CPU.ActiveCfg = Debug|Any CPU
		{50E8180E-E48F-409C-94E7-C46C17FE25D9}.Debug|Any CPU.Build.0 = Debug|Any CPU
		{50E8180E-E48F-409C-94E7-C46C17FE25D9}.Release|Any CPU.ActiveCfg = Release|Any CPU
		{50E8180E-E48F-409C-94E7-C46C17FE25D9}.Release|Any CPU.Build.0 = Release|Any CPU
	EndGlobalSection
	GlobalSection(SolutionProperties) = preSolution
		HideSolutionNode = FALSE
	EndGlobalSection
	GlobalSection(ExtensibilityGlobals) = postSolution
		SolutionGuid = {F573D0BC-0802-4011-ABD8-923417A9E7BF}
	EndGlobalSection
EndGlobal
